{
  "name": "hrm-deploy",
  "version": "0.0.3",
  "lockfileVersion": 1,
  "requires": true,
  "dependencies": {
    "ajv": {
      "version": "http://registry.npm.alibaba-inc.com/ajv/download/ajv-4.11.8.tgz",
      "integrity": "sha1-gv+wKynmYq5TvcIK8VlHcGc5xTY=",
      "requires": {
        "co": "http://registry.npm.alibaba-inc.com/co/download/co-4.6.0.tgz",
        "json-stable-stringify": "http://registry.npm.alibaba-inc.com/json-stable-stringify/download/json-stable-stringify-1.0.1.tgz"
      }
    },
    "asn1": {
      "version": "http://registry.npm.alibaba-inc.com/asn1/download/asn1-0.2.3.tgz",
      "integrity": "sha1-2sh4dxPJlmhJ/IGAd36+nB3fO4Y="
    },
    "assert-plus": {
      "version": "http://registry.npm.alibaba-inc.com/assert-plus/download/assert-plus-0.2.0.tgz",
      "integrity": "sha1-104bh+ev/A24qttwIfP+SBAasjQ="
    },
    "asynckit": {
      "version": "http://registry.npm.alibaba-inc.com/asynckit/download/asynckit-0.4.0.tgz",
      "integrity": "sha1-x57Zf380y48robyXkLzDZkdLS3k="
    },
    "aws-sign2": {
      "version": "http://registry.npm.alibaba-inc.com/aws-sign2/download/aws-sign2-0.6.0.tgz",
      "integrity": "sha1-FDQt0428yU0OW4fXY81jYSwOeU8="
    },
    "aws4": {
      "version": "http://registry.npm.alibaba-inc.com/aws4/download/aws4-1.6.0.tgz",
      "integrity": "sha1-g+9cqGCysy5KDe7e6MdxudtXRx4="
    },
    "bcrypt-pbkdf": {
      "version": "http://registry.npm.alibaba-inc.com/bcrypt-pbkdf/download/bcrypt-pbkdf-1.0.1.tgz",
      "integrity": "sha1-Y7xdy2EzG5K8Bf1SiVPDNGKgb40=",
      "optional": true,
      "requires": {
        "tweetnacl": "http://registry.npm.alibaba-inc.com/tweetnacl/download/tweetnacl-0.14.5.tgz"
      }
    },
    "boom": {
      "version": "http://registry.npm.alibaba-inc.com/boom/download/boom-2.10.1.tgz",
      "integrity": "sha1-OciRjO/1eZ+D+UkqhI9iWt0Mdm8=",
      "requires": {
        "hoek": "http://registry.npm.alibaba-inc.com/hoek/download/hoek-2.16.3.tgz"
      }
    },
    "caseless": {
      "version": "http://registry.npm.alibaba-inc.com/caseless/download/caseless-0.12.0.tgz",
      "integrity": "sha1-G2gcIf+EAzyCZUMJBolCDRhxUdw="
    },
    "co": {
      "version": "http://registry.npm.alibaba-inc.com/co/download/co-4.6.0.tgz",
      "integrity": "sha1-bqa989hTrlTMuOR7+gvz+QMfsYQ="
    },
    "combined-stream": {
      "version": "http://registry.npm.alibaba-inc.com/combined-stream/download/combined-stream-1.0.5.tgz",
      "integrity": "sha1-k4NwpXtKUd6ix3wV1cX9+JUWQAk=",
      "requires": {
        "delayed-stream": "http://registry.npm.alibaba-inc.com/delayed-stream/download/delayed-stream-1.0.0.tgz"
      }
    },
    "commander": {
      "version": "http://registry.npm.alibaba-inc.com/commander/download/commander-2.11.0.tgz",
      "integrity": "sha1-FXFS/R56bI2YpbcVzzdt+SgARWM="
    },
    "cryptiles": {
      "version": "http://registry.npm.alibaba-inc.com/cryptiles/download/cryptiles-2.0.5.tgz",
      "integrity": "sha1-O9/s3GCBR8HGcgL6KR59ylnqo7g=",
      "requires": {
        "boom": "http://registry.npm.alibaba-inc.com/boom/download/boom-2.10.1.tgz"
      }
    },
    "dashdash": {
      "version": "http://registry.npm.alibaba-inc.com/dashdash/download/dashdash-1.14.1.tgz",
      "integrity": "sha1-hTz6D3y+L+1d4gMmuN1YEDX24vA=",
      "requires": {
        "assert-plus": "http://registry.npm.alibaba-inc.com/assert-plus/download/assert-plus-1.0.0.tgz"
      },
      "dependencies": {
        "assert-plus": {
          "version": "http://registry.npm.alibaba-inc.com/assert-plus/download/assert-plus-1.0.0.tgz",
          "integrity": "sha1-8S4PPF13sLHN2RRpQuTpbB5N1SU="
        }
      }
    },
    "delayed-stream": {
      "version": "http://registry.npm.alibaba-inc.com/delayed-stream/download/delayed-stream-1.0.0.tgz",
      "integrity": "sha1-3zrhmayt+31ECqrgsp4icrJOxhk="
    },
    "ecc-jsbn": {
      "version": "http://registry.npm.alibaba-inc.com/ecc-jsbn/download/ecc-jsbn-0.1.1.tgz",
      "integrity": "sha1-D8c6ntXw1Tw4GTOYUj735UN3dQU=",
      "optional": true,
      "requires": {
        "jsbn": "http://registry.npm.alibaba-inc.com/jsbn/download/jsbn-0.1.1.tgz"
      }
    },
    "encoding": {
      "version": "0.1.12",
      "resolved": "https://registry.npmjs.org/encoding/-/encoding-0.1.12.tgz",
      "integrity": "sha1-U4tm8+5izRq1HsMjgp0flIDHS+s=",
      "requires": {
        "iconv-lite": "0.4.18"
      }
    },
    "extend": {
      "version": "http://registry.npm.alibaba-inc.com/extend/download/extend-3.0.1.tgz",
      "integrity": "sha1-p1Xqe8Gt/MWjHOfnYtuq3F5jZEQ="
    },
    "extsprintf": {
      "version": "http://registry.npm.alibaba-inc.com/extsprintf/download/extsprintf-1.0.2.tgz",
      "integrity": "sha1-4QgOBljjALBilJkMxw4VAiNf1VA="
    },
    "forever-agent": {
      "version": "http://registry.npm.alibaba-inc.com/forever-agent/download/forever-agent-0.6.1.tgz",
      "integrity": "sha1-+8cfDEGt6zf5bFd60e1C2P2sypE="
    },
    "form-data": {
      "version": "http://registry.npm.alibaba-inc.com/form-data/download/form-data-2.1.4.tgz",
      "integrity": "sha1-M8GDrPGTJ27KqYFDpp6Uv+4XUNE=",
      "requires": {
        "asynckit": "http://registry.npm.alibaba-inc.com/asynckit/download/asynckit-0.4.0.tgz",
        "combined-stream": "http://registry.npm.alibaba-inc.com/combined-stream/download/combined-stream-1.0.5.tgz",
        "mime-types": "http://registry.npm.alibaba-inc.com/mime-types/download/mime-types-2.1.15.tgz"
      }
    },
    "getpass": {
      "version": "http://registry.npm.alibaba-inc.com/getpass/download/getpass-0.1.7.tgz",
      "integrity": "sha1-Xv+OPmhNVprkyysSgmBOi6YhSfo=",
      "requires": {
        "assert-plus": "http://registry.npm.alibaba-inc.com/assert-plus/download/assert-plus-1.0.0.tgz"
      },
      "dependencies": {
        "assert-plus": {
          "version": "http://registry.npm.alibaba-inc.com/assert-plus/download/assert-plus-1.0.0.tgz",
          "integrity": "sha1-8S4PPF13sLHN2RRpQuTpbB5N1SU="
        }
      }
    },
    "har-schema": {
      "version": "http://registry.npm.alibaba-inc.com/har-schema/download/har-schema-1.0.5.tgz",
      "integrity": "sha1-0mMTX0MwfALGAq/I/pWXDAFRNp4="
    },
    "har-validator": {
      "version": "http://registry.npm.alibaba-inc.com/har-validator/download/har-validator-4.2.1.tgz",
      "integrity": "sha1-M0gdDxu/9gDdID11gSpqX7oALio=",
      "requires": {
        "ajv": "http://registry.npm.alibaba-inc.com/ajv/download/ajv-4.11.8.tgz",
        "har-schema": "http://registry.npm.alibaba-inc.com/har-schema/download/har-schema-1.0.5.tgz"
      }
    },
    "hawk": {
      "version": "http://registry.npm.alibaba-inc.com/hawk/download/hawk-3.1.3.tgz",
      "integrity": "sha1-B4REvXwWQLD+VA0sm3PVlnjo4cQ=",
      "requires": {
        "boom": "http://registry.npm.alibaba-inc.com/boom/download/boom-2.10.1.tgz",
        "cryptiles": "http://registry.npm.alibaba-inc.com/cryptiles/download/cryptiles-2.0.5.tgz",
        "hoek": "http://registry.npm.alibaba-inc.com/hoek/download/hoek-2.16.3.tgz",
        "sntp": "http://registry.npm.alibaba-inc.com/sntp/download/sntp-1.0.9.tgz"
      }
    },
    "hoek": {
      "version": "http://registry.npm.alibaba-inc.com/hoek/download/hoek-2.16.3.tgz",
      "integrity": "sha1-ILt0A9POo5jpHcRxCo/xuCdKJe0="
    },
    "http-signature": {
      "version": "http://registry.npm.alibaba-inc.com/http-signature/download/http-signature-1.1.1.tgz",
      "integrity": "sha1-33LiZwZs0Kxn+3at+OE0qPvPkb8=",
      "requires": {
        "assert-plus": "http://registry.npm.alibaba-inc.com/assert-plus/download/assert-plus-0.2.0.tgz",
        "jsprim": "http://registry.npm.alibaba-inc.com/jsprim/download/jsprim-1.4.0.tgz",
        "sshpk": "http://registry.npm.alibaba-inc.com/sshpk/download/sshpk-1.13.1.tgz"
      }
    },
    "iconv-lite": {
      "version": "0.4.18",
      "resolved": "https://registry.npmjs.org/iconv-lite/-/iconv-lite-0.4.18.tgz",
      "integrity": "sha512-sr1ZQph3UwHTR0XftSbK85OvBbxe/abLGzEnPENCQwmHf7sck8Oyu4ob3LgBxWWxRoM+QszeUyl7jbqapu2TqA=="
    },
    "is-stream": {
      "version": "1.1.0",
      "resolved": "https://registry.npmjs.org/is-stream/-/is-stream-1.1.0.tgz",
      "integrity": "sha1-EtSj3U5o4Lec6428hBc66A2RykQ="
    },
    "is-typedarray": {
      "version": "http://registry.npm.alibaba-inc.com/is-typedarray/download/is-typedarray-1.0.0.tgz",
      "integrity": "sha1-5HnICFjfDBsR3dppQPlgEfzaSpo="
    },
    "isomorphic-fetch": {
      "version": "2.2.1",
      "resolved": "https://registry.npmjs.org/isomorphic-fetch/-/isomorphic-fetch-2.2.1.tgz",
      "integrity": "sha1-YRrhrPFPXoH3KVB0coGf6XM1WKk=",
      "requires": {
        "node-fetch": "1.7.1",
        "whatwg-fetch": "2.0.3"
      }
    },
    "isstream": {
      "version": "http://registry.npm.alibaba-inc.com/isstream/download/isstream-0.1.2.tgz",
      "integrity": "sha1-R+Y/evVa+m+S4VAOaQ64uFKcCZo="
    },
    "jsbn": {
      "version": "http://registry.npm.alibaba-inc.com/jsbn/download/jsbn-0.1.1.tgz",
      "integrity": "sha1-peZUwuWi3rXyAdls77yoDA7y9RM=",
      "optional": true
    },
    "json-schema": {
      "version": "http://registry.npm.alibaba-inc.com/json-schema/download/json-schema-0.2.3.tgz",
      "integrity": "sha1-tIDIkuWaLwWVTOcnvT8qTogvnhM="
    },
    "json-stable-stringify": {
      "version": "http://registry.npm.alibaba-inc.com/json-stable-stringify/download/json-stable-stringify-1.0.1.tgz",
      "integrity": "sha1-mnWdOcXy/1A/1TAGRu1EX4jE+a8=",
      "requires": {
        "jsonify": "http://registry.npm.alibaba-inc.com/jsonify/download/jsonify-0.0.0.tgz"
      }
    },
    "json-stringify-safe": {
      "version": "http://registry.npm.alibaba-inc.com/json-stringify-safe/download/json-stringify-safe-5.0.1.tgz",
      "integrity": "sha1-Epai1Y/UXxmg9s4B1lcB4sc1tus="
    },
    "jsonify": {
      "version": "http://registry.npm.alibaba-inc.com/jsonify/download/jsonify-0.0.0.tgz",
      "integrity": "sha1-LHS27kHZPKUbe1qu6PUDYx0lKnM="
    },
    "jsprim": {
      "version": "http://registry.npm.alibaba-inc.com/jsprim/download/jsprim-1.4.0.tgz",
      "integrity": "sha1-o7h+QCmNjDgFUtjMdiigu5WiKRg=",
      "requires": {
        "assert-plus": "http://registry.npm.alibaba-inc.com/assert-plus/download/assert-plus-1.0.0.tgz",
        "extsprintf": "http://registry.npm.alibaba-inc.com/extsprintf/download/extsprintf-1.0.2.tgz",
        "json-schema": "http://registry.npm.alibaba-inc.com/json-schema/download/json-schema-0.2.3.tgz",
        "verror": "http://registry.npm.alibaba-inc.com/verror/download/verror-1.3.6.tgz"
      },
      "dependencies": {
        "assert-plus": {
          "version": "http://registry.npm.alibaba-inc.com/assert-plus/download/assert-plus-1.0.0.tgz",
          "integrity": "sha1-8S4PPF13sLHN2RRpQuTpbB5N1SU="
        }
      }
    },
    "mime-db": {
      "version": "http://registry.npm.alibaba-inc.com/mime-db/download/mime-db-1.27.0.tgz",
      "integrity": "sha1-gg9XIpa70g7CXtVeW13oaeVDbrE="
    },
    "mime-types": {
      "version": "http://registry.npm.alibaba-inc.com/mime-types/download/mime-types-2.1.15.tgz",
      "integrity": "sha1-pOv1BkCUVpI3uM9wBGd20J/JKu0=",
      "requires": {
        "mime-db": "http://registry.npm.alibaba-inc.com/mime-db/download/mime-db-1.27.0.tgz"
      }
    },
    "node-fetch": {
      "version": "1.7.1",
      "resolved": "https://registry.npmjs.org/node-fetch/-/node-fetch-1.7.1.tgz",
      "integrity": "sha512-j8XsFGCLw79vWXkZtMSmmLaOk9z5SQ9bV/tkbZVCqvgwzrjAGq66igobLofHtF63NvMTp2WjytpsNTGKa+XRIQ==",
      "requires": {
        "encoding": "0.1.12",
        "is-stream": "1.1.0"
      }
    },
    "oauth-sign": {
      "version": "http://registry.npm.alibaba-inc.com/oauth-sign/download/oauth-sign-0.8.2.tgz",
      "integrity": "sha1-Rqarfwrq2N6unsBWV4C31O/rnUM="
    },
    "performance-now": {
      "version": "http://registry.npm.alibaba-inc.com/performance-now/download/performance-now-0.2.0.tgz",
      "integrity": "sha1-M+8wxcd9TqIcWlOGnZG1bY8lVeU="
    },
    "punycode": {
      "version": "http://registry.npm.alibaba-inc.com/punycode/download/punycode-1.4.1.tgz",
      "integrity": "sha1-wNWmOycYgArY4esPpSachN1BhF4="
    },
    "qs": {
      "version": "http://registry.npm.alibaba-inc.com/qs/download/qs-6.4.0.tgz",
      "integrity": "sha1-E+JtKK1rD/qpExLNO/cI7TUecjM="
    },
    "request": {
      "version": "http://registry.npm.alibaba-inc.com/request/download/request-2.81.0.tgz",
      "integrity": "sha1-xpKJRqDgbF+Nb4qTM0af/aRimKA=",
      "requires": {
        "aws-sign2": "http://registry.npm.alibaba-inc.com/aws-sign2/download/aws-sign2-0.6.0.tgz",
        "aws4": "http://registry.npm.alibaba-inc.com/aws4/download/aws4-1.6.0.tgz",
        "caseless": "http://registry.npm.alibaba-inc.com/caseless/download/caseless-0.12.0.tgz",
        "combined-stream": "http://registry.npm.alibaba-inc.com/combined-stream/download/combined-stream-1.0.5.tgz",
        "extend": "http://registry.npm.alibaba-inc.com/extend/download/extend-3.0.1.tgz",
        "forever-agent": "http://registry.npm.alibaba-inc.com/forever-agent/download/forever-agent-0.6.1.tgz",
        "form-data": "http://registry.npm.alibaba-inc.com/form-data/download/form-data-2.1.4.tgz",
        "har-validator": "http://registry.npm.alibaba-inc.com/har-validator/download/har-validator-4.2.1.tgz",
        "hawk": "http://registry.npm.alibaba-inc.com/hawk/download/hawk-3.1.3.tgz",
        "http-signature": "http://registry.npm.alibaba-inc.com/http-signature/download/http-signature-1.1.1.tgz",
        "is-typedarray": "http://registry.npm.alibaba-inc.com/is-typedarray/download/is-typedarray-1.0.0.tgz",
        "isstream": "http://registry.npm.alibaba-inc.com/isstream/download/isstream-0.1.2.tgz",
        "json-stringify-safe": "http://registry.npm.alibaba-inc.com/json-stringify-safe/download/json-stringify-safe-5.0.1.tgz",
        "mime-types": "http://registry.npm.alibaba-inc.com/mime-types/download/mime-types-2.1.15.tgz",
        "oauth-sign": "http://registry.npm.alibaba-inc.com/oauth-sign/download/oauth-sign-0.8.2.tgz",
        "performance-now": "http://registry.npm.alibaba-inc.com/performance-now/download/performance-now-0.2.0.tgz",
        "qs": "http://registry.npm.alibaba-inc.com/qs/download/qs-6.4.0.tgz",
        "safe-buffer": "http://registry.npm.alibaba-inc.com/safe-buffer/download/safe-buffer-5.1.1.tgz",
        "stringstream": "http://registry.npm.alibaba-inc.com/stringstream/download/stringstream-0.0.5.tgz",
        "tough-cookie": "http://registry.npm.alibaba-inc.com/tough-cookie/download/tough-cookie-2.3.2.tgz",
        "tunnel-agent": "http://registry.npm.alibaba-inc.com/tunnel-agent/download/tunnel-agent-0.6.0.tgz",
        "uuid": "http://registry.npm.alibaba-inc.com/uuid/download/uuid-3.1.0.tgz"
      }
    },
    "safe-buffer": {
      "version": "http://registry.npm.alibaba-inc.com/safe-buffer/download/safe-buffer-5.1.1.tgz",
      "integrity": "sha1-iTMSr2myEj3vcfV4iQAWce6yyFM="
    },
    "sntp": {
      "version": "http://registry.npm.alibaba-inc.com/sntp/download/sntp-1.0.9.tgz",
      "integrity": "sha1-ZUEYTMkK7qbG57NeJlkIJEPGYZg=",
      "requires": {
        "hoek": "http://registry.npm.alibaba-inc.com/hoek/download/hoek-2.16.3.tgz"
      }
    },
    "sshpk": {
      "version": "http://registry.npm.alibaba-inc.com/sshpk/download/sshpk-1.13.1.tgz",
      "integrity": "sha1-US322mKHFEMW3EwY/hzx2UBzm+M=",
      "requires": {
        "asn1": "http://registry.npm.alibaba-inc.com/asn1/download/asn1-0.2.3.tgz",
        "assert-plus": "http://registry.npm.alibaba-inc.com/assert-plus/download/assert-plus-1.0.0.tgz",
        "bcrypt-pbkdf": "http://registry.npm.alibaba-inc.com/bcrypt-pbkdf/download/bcrypt-pbkdf-1.0.1.tgz",
        "dashdash": "http://registry.npm.alibaba-inc.com/dashdash/download/dashdash-1.14.1.tgz",
        "ecc-jsbn": "http://registry.npm.alibaba-inc.com/ecc-jsbn/download/ecc-jsbn-0.1.1.tgz",
        "getpass": "http://registry.npm.alibaba-inc.com/getpass/download/getpass-0.1.7.tgz",
        "jsbn": "http://registry.npm.alibaba-inc.com/jsbn/download/jsbn-0.1.1.tgz",
        "tweetnacl": "http://registry.npm.alibaba-inc.com/tweetnacl/download/tweetnacl-0.14.5.tgz"
      },
      "dependencies": {
        "assert-plus": {
          "version": "http://registry.npm.alibaba-inc.com/assert-plus/download/assert-plus-1.0.0.tgz",
          "integrity": "sha1-8S4PPF13sLHN2RRpQuTpbB5N1SU="
        }
      }
    },
    "stringstream": {
      "version": "http://registry.npm.alibaba-inc.com/stringstream/download/stringstream-0.0.5.tgz",
      "integrity": "sha1-TkhM1N5aC7vuGORjB3EKioFiGHg="
    },
    "tough-cookie": {
      "version": "http://registry.npm.alibaba-inc.com/tough-cookie/download/tough-cookie-2.3.2.tgz",
      "integrity": "sha1-8IH3bkyFcg5sN6X6ztc3FQ2EByo=",
      "requires": {
        "punycode": "http://registry.npm.alibaba-inc.com/punycode/download/punycode-1.4.1.tgz"
      }
    },
    "tunnel-agent": {
      "version": "http://registry.npm.alibaba-inc.com/tunnel-agent/download/tunnel-agent-0.6.0.tgz",
      "integrity": "sha1-J6XeoGs2sEoKmWZ3SykIaPD8QP0=",
      "requires": {
        "safe-buffer": "http://registry.npm.alibaba-inc.com/safe-buffer/download/safe-buffer-5.1.1.tgz"
      }
    },
    "tweetnacl": {
      "version": "http://registry.npm.alibaba-inc.com/tweetnacl/download/tweetnacl-0.14.5.tgz",
      "integrity": "sha1-WuaBd/GS1EViadEIr6k/+HQ/T2Q=",
      "optional": true
    },
    "uuid": {
      "version": "http://registry.npm.alibaba-inc.com/uuid/download/uuid-3.1.0.tgz",
      "integrity": "sha1-PdPT55Crwk17DToDT/q6vijrvAQ="
    },
    "verror": {
      "version": "http://registry.npm.alibaba-inc.com/verror/download/verror-1.3.6.tgz",
      "integrity": "sha1-z/XfEpRtKX0rqu+qJoniW+AcAFw=",
      "requires": {
        "extsprintf": "http://registry.npm.alibaba-inc.com/extsprintf/download/extsprintf-1.0.2.tgz"
      }
    },
    "whatwg-fetch": {
      "version": "2.0.3",
      "resolved": "https://registry.npmjs.org/whatwg-fetch/-/whatwg-fetch-2.0.3.tgz",
      "integrity": "sha1-nITsLc9oGH/wC8ZOEnS0QhduHIQ="
    }
  }
}
